
Microsoft Visual Studio Solution File, Format Version 12.00
# Visual Studio Version 17
VisualStudioVersion = 17.5.002.0
MinimumVisualStudioVersion = 10.0.40219.1
Project("{2150E333-8FDC-42A3-9474-1A3956D46DE8}") = "sandbox", "sandbox", "{FC4D41FE-853B-4DD5-B3CB-0D6473A84CF7}"
EndProject
Project("{9A19103F-16F7-4668-BE54-9A1E7A4F7556}") = "sandbox_project", "sandbox\sandbox_project\sandbox_project.csproj", "{07DF82F5-850B-4A4E-A6C1-35FFAA05C8F9}"
EndProject
Project("{2150E333-8FDC-42A3-9474-1A3956D46DE8}") = "week01", "week01", "{F50D38CD-6488-4C2A-89EC-4C11E161EB67}"
EndProject
Project("{9A19103F-16F7-4668-BE54-9A1E7A4F7556}") = "analyze", "week01\analyze\analyze.csproj", "{D2C658DD-73D9-4534-A89A-8B265303C596}"
EndProject
Project("{9A19103F-16F7-4668-BE54-9A1E7A4F7556}") = "code", "week01\code\code.csproj", "{A24DEB8C-FBA6-44D6-8189-7F30E72A7CCF}"
EndProject
Project("{9A19103F-16F7-4668-BE54-9A1E7A4F7556}") = "teach", "week01\teach\teach.csproj", "{72A36212-008F-45D9-8839-59C9E0A559DE}"
EndProject
Project("{2150E333-8FDC-42A3-9474-1A3956D46DE8}") = "week02", "week02", "{A411061E-0859-4995-AECD-A43E51A7AF35}"
EndProject
Project("{9A19103F-16F7-4668-BE54-9A1E7A4F7556}") = "analyze", "week02\analyze\analyze.csproj", "{622A448A-DB05-4719-A01F-11639A840896}"
EndProject
Project("{9A19103F-16F7-4668-BE54-9A1E7A4F7556}") = "code", "week02\code\code.csproj", "{5F4BC5E1-760C-4FFF-B8D0-6F7371EECB3B}"
EndProject
Project("{9A19103F-16F7-4668-BE54-9A1E7A4F7556}") = "learn", "week02\learn\learn.csproj", "{BE6B273E-981E-4A2A-B7E9-BDD8F585FC8A}"
EndProject
Project("{9A19103F-16F7-4668-BE54-9A1E7A4F7556}") = "teach", "week02\teach\teach.csproj", "{A70DB6B4-47BB-45DA-98D3-F8C4E65B662C}"
EndProject
Project("{2150E333-8FDC-42A3-9474-1A3956D46DE8}") = "week03", "week03", "{0FE2AB20-EFAC-4058-8FE9-34CCF0AABA40}"
EndProject
Project("{9A19103F-16F7-4668-BE54-9A1E7A4F7556}") = "code", "week03\code\code.csproj", "{B6E74FE4-8A4A-46F4-BB9E-3F35B30AE075}"
EndProject
Project("{9A19103F-16F7-4668-BE54-9A1E7A4F7556}") = "learn", "week03\learn\learn.csproj", "{33A651AE-47FF-47C6-9CC7-A0B22DF1381C}"
EndProject
Project("{9A19103F-16F7-4668-BE54-9A1E7A4F7556}") = "teach", "week03\teach\teach.csproj", "{319D9AFA-A892-413E-993A-A8F4DDF368C6}"
EndProject
Project("{2150E333-8FDC-42A3-9474-1A3956D46DE8}") = "week04", "week04", "{F7E240C2-8D46-4454-9F02-65BE86ECAD20}"
EndProject
Project("{9A19103F-16F7-4668-BE54-9A1E7A4F7556}") = "code", "week04\code\code.csproj", "{E737D306-3D22-483F-A70F-4BAFC96A2FA0}"
EndProject
Project("{2150E333-8FDC-42A3-9474-1A3956D46DE8}") = "week05", "week05", "{7CEB519F-79E0-4732-B706-D8884F62EA62}"
EndProject
Project("{9A19103F-16F7-4668-BE54-9A1E7A4F7556}") = "code", "week05\code\code.csproj", "{61B71865-E02E-4548-BF70-D9C2B15CDC90}"
EndProject
Project("{2150E333-8FDC-42A3-9474-1A3956D46DE8}") = "week06", "week06", "{3E9C442F-2635-477D-8365-E265F91C4D20}"
EndProject
Project("{9A19103F-16F7-4668-BE54-9A1E7A4F7556}") = "code", "week06\code\code.csproj", "{C0B643BD-520A-48C7-A79F-8E932CE55B5A}"
EndProject
Global
	GlobalSection(SolutionConfigurationPlatforms) = preSolution
		Debug|Any CPU = Debug|Any CPU
		Release|Any CPU = Release|Any CPU
	EndGlobalSection
	GlobalSection(ProjectConfigurationPlatforms) = postSolution
		{07DF82F5-850B-4A4E-A6C1-35FFAA05C8F9}.Debug|Any CPU.ActiveCfg = Debug|Any CPU
		{07DF82F5-850B-4A4E-A6C1-35FFAA05C8F9}.Debug|Any CPU.Build.0 = Debug|Any CPU
		{07DF82F5-850B-4A4E-A6C1-35FFAA05C8F9}.Release|Any CPU.ActiveCfg = Release|Any CPU
		{07DF82F5-850B-4A4E-A6C1-35FFAA05C8F9}.Release|Any CPU.Build.0 = Release|Any CPU
		{D2C658DD-73D9-4534-A89A-8B265303C596}.Debug|Any CPU.ActiveCfg = Debug|Any CPU
		{D2C658DD-73D9-4534-A89A-8B265303C596}.Debug|Any CPU.Build.0 = Debug|Any CPU
		{D2C658DD-73D9-4534-A89A-8B265303C596}.Release|Any CPU.ActiveCfg = Release|Any CPU
		{D2C658DD-73D9-4534-A89A-8B265303C596}.Release|Any CPU.Build.0 = Release|Any CPU
		{A24DEB8C-FBA6-44D6-8189-7F30E72A7CCF}.Debug|Any CPU.ActiveCfg = Debug|Any CPU
		{A24DEB8C-FBA6-44D6-8189-7F30E72A7CCF}.Debug|Any CPU.Build.0 = Debug|Any CPU
		{A24DEB8C-FBA6-44D6-8189-7F30E72A7CCF}.Release|Any CPU.ActiveCfg = Release|Any CPU
		{A24DEB8C-FBA6-44D6-8189-7F30E72A7CCF}.Release|Any CPU.Build.0 = Release|Any CPU
		{72A36212-008F-45D9-8839-59C9E0A559DE}.Debug|Any CPU.ActiveCfg = Debug|Any CPU
		{72A36212-008F-45D9-8839-59C9E0A559DE}.Debug|Any CPU.Build.0 = Debug|Any CPU
		{72A36212-008F-45D9-8839-59C9E0A559DE}.Release|Any CPU.ActiveCfg = Release|Any CPU
		{72A36212-008F-45D9-8839-59C9E0A559DE}.Release|Any CPU.Build.0 = Release|Any CPU
		{622A448A-DB05-4719-A01F-11639A840896}.Debug|Any CPU.ActiveCfg = Debug|Any CPU
		{622A448A-DB05-4719-A01F-11639A840896}.Debug|Any CPU.Build.0 = Debug|Any CPU
		{622A448A-DB05-4719-A01F-11639A840896}.Release|Any CPU.ActiveCfg = Release|Any CPU
		{622A448A-DB05-4719-A01F-11639A840896}.Release|Any CPU.Build.0 = Release|Any CPU
		{5F4BC5E1-760C-4FFF-B8D0-6F7371EECB3B}.Debug|Any CPU.ActiveCfg = Debug|Any CPU
		{5F4BC5E1-760C-4FFF-B8D0-6F7371EECB3B}.Debug|Any CPU.Build.0 = Debug|Any CPU
		{5F4BC5E1-760C-4FFF-B8D0-6F7371EECB3B}.Release|Any CPU.ActiveCfg = Release|Any CPU
		{5F4BC5E1-760C-4FFF-B8D0-6F7371EECB3B}.Release|Any CPU.Build.0 = Release|Any CPU
		{BE6B273E-981E-4A2A-B7E9-BDD8F585FC8A}.Debug|Any CPU.ActiveCfg = Debug|Any CPU
		{BE6B273E-981E-4A2A-B7E9-BDD8F585FC8A}.Debug|Any CPU.Build.0 = Debug|Any CPU
		{BE6B273E-981E-4A2A-B7E9-BDD8F585FC8A}.Release|Any CPU.ActiveCfg = Release|Any CPU
		{BE6B273E-981E-4A2A-B7E9-BDD8F585FC8A}.Release|Any CPU.Build.0 = Release|Any CPU
		{A70DB6B4-47BB-45DA-98D3-F8C4E65B662C}.Debug|Any CPU.ActiveCfg = Debug|Any CPU
		{A70DB6B4-47BB-45DA-98D3-F8C4E65B662C}.Debug|Any CPU.Build.0 = Debug|Any CPU
		{A70DB6B4-47BB-45DA-98D3-F8C4E65B662C}.Release|Any CPU.ActiveCfg = Release|Any CPU
		{A70DB6B4-47BB-45DA-98D3-F8C4E65B662C}.Release|Any CPU.Build.0 = Release|Any CPU
		{B6E74FE4-8A4A-46F4-BB9E-3F35B30AE075}.Debug|Any CPU.ActiveCfg = Debug|Any CPU
		{B6E74FE4-8A4A-46F4-BB9E-3F35B30AE075}.Debug|Any CPU.Build.0 = Debug|Any CPU
		{B6E74FE4-8A4A-46F4-BB9E-3F35B30AE075}.Release|Any CPU.ActiveCfg = Release|Any CPU
		{B6E74FE4-8A4A-46F4-BB9E-3F35B30AE075}.Release|Any CPU.Build.0 = Release|Any CPU
		{33A651AE-47FF-47C6-9CC7-A0B22DF1381C}.Debug|Any CPU.ActiveCfg = Debug|Any CPU
		{33A651AE-47FF-47C6-9CC7-A0B22DF1381C}.Debug|Any CPU.Build.0 = Debug|Any CPU
		{33A651AE-47FF-47C6-9CC7-A0B22DF1381C}.Release|Any CPU.ActiveCfg = Release|Any CPU
		{33A651AE-47FF-47C6-9CC7-A0B22DF1381C}.Release|Any CPU.Build.0 = Release|Any CPU
		{319D9AFA-A892-413E-993A-A8F4DDF368C6}.Debug|Any CPU.ActiveCfg = Debug|Any CPU
		{319D9AFA-A892-413E-993A-A8F4DDF368C6}.Debug|Any CPU.Build.0 = Debug|Any CPU
		{319D9AFA-A892-413E-993A-A8F4DDF368C6}.Release|Any CPU.ActiveCfg = Release|Any CPU
		{319D9AFA-A892-413E-993A-A8F4DDF368C6}.Release|Any CPU.Build.0 = Release|Any CPU
		{E737D306-3D22-483F-A70F-4BAFC96A2FA0}.Debug|Any CPU.ActiveCfg = Debug|Any CPU
		{E737D306-3D22-483F-A70F-4BAFC96A2FA0}.Debug|Any CPU.Build.0 = Debug|Any CPU
		{E737D306-3D22-483F-A70F-4BAFC96A2FA0}.Release|Any CPU.ActiveCfg = Release|Any CPU
		{E737D306-3D22-483F-A70F-4BAFC96A2FA0}.Release|Any CPU.Build.0 = Release|Any CPU
		{61B71865-E02E-4548-BF70-D9C2B15CDC90}.Debug|Any CPU.ActiveCfg = Debug|Any CPU
		{61B71865-E02E-4548-BF70-D9C2B15CDC90}.Debug|Any CPU.Build.0 = Debug|Any CPU
		{61B71865-E02E-4548-BF70-D9C2B15CDC90}.Release|Any CPU.ActiveCfg = Release|Any CPU
		{61B71865-E02E-4548-BF70-D9C2B15CDC90}.Release|Any CPU.Build.0 = Release|Any CPU
		{C0B643BD-520A-48C7-A79F-8E932CE55B5A}.Debug|Any CPU.ActiveCfg = Debug|Any CPU
		{C0B643BD-520A-48C7-A79F-8E932CE55B5A}.Debug|Any CPU.Build.0 = Debug|Any CPU
		{C0B643BD-520A-48C7-A79F-8E932CE55B5A}.Release|Any CPU.ActiveCfg = Release|Any CPU
		{C0B643BD-520A-48C7-A79F-8E932CE55B5A}.Release|Any CPU.Build.0 = Release|Any CPU
	EndGlobalSection
	GlobalSection(SolutionProperties) = preSolution
		HideSolutionNode = FALSE
	EndGlobalSection
	GlobalSection(NestedProjects) = preSolution
		{07DF82F5-850B-4A4E-A6C1-35FFAA05C8F9} = {FC4D41FE-853B-4DD5-B3CB-0D6473A84CF7}
		{D2C658DD-73D9-4534-A89A-8B265303C596} = {F50D38CD-6488-4C2A-89EC-4C11E161EB67}
		{A24DEB8C-FBA6-44D6-8189-7F30E72A7CCF} = {F50D38CD-6488-4C2A-89EC-4C11E161EB67}
		{72A36212-008F-45D9-8839-59C9E0A559DE} = {F50D38CD-6488-4C2A-89EC-4C11E161EB67}
		{622A448A-DB05-4719-A01F-11639A840896} = {A411061E-0859-4995-AECD-A43E51A7AF35}
		{5F4BC5E1-760C-4FFF-B8D0-6F7371EECB3B} = {A411061E-0859-4995-AECD-A43E51A7AF35}
		{BE6B273E-981E-4A2A-B7E9-BDD8F585FC8A} = {A411061E-0859-4995-AECD-A43E51A7AF35}
		{A70DB6B4-47BB-45DA-98D3-F8C4E65B662C} = {A411061E-0859-4995-AECD-A43E51A7AF35}
		{B6E74FE4-8A4A-46F4-BB9E-3F35B30AE075} = {0FE2AB20-EFAC-4058-8FE9-34CCF0AABA40}
		{33A651AE-47FF-47C6-9CC7-A0B22DF1381C} = {0FE2AB20-EFAC-4058-8FE9-34CCF0AABA40}
		{319D9AFA-A892-413E-993A-A8F4DDF368C6} = {0FE2AB20-EFAC-4058-8FE9-34CCF0AABA40}
		{E737D306-3D22-483F-A70F-4BAFC96A2FA0} = {F7E240C2-8D46-4454-9F02-65BE86ECAD20}
		{61B71865-E02E-4548-BF70-D9C2B15CDC90} = {7CEB519F-79E0-4732-B706-D8884F62EA62}
		{C0B643BD-520A-48C7-A79F-8E932CE55B5A} = {3E9C442F-2635-477D-8365-E265F91C4D20}
	EndGlobalSection
	GlobalSection(ExtensibilityGlobals) = postSolution
		SolutionGuid = {8C377B77-34EC-46F4-9DB8-8BBAB1E9EBEB}
	EndGlobalSection
EndGlobal
